// !$*UTF8*$!
{
	archiveVersion = 1;
	classes = {
	};
	objectVersion = 51;
	objects = {

/* Begin PBXBuildFile section */
		6DA98610D33345F4EECA7D1C /* Pods_List_Of_Debtors_Alpha0_2.framework in Frameworks */ = {isa = PBXBuildFile; fileRef = F3913C5356B378DA09EE8BF1 /* Pods_List_Of_Debtors_Alpha0_2.framework */; };
		E32E5A2C25F8B5D8006252AD /* ProfileViewController.swift in Sources */ = {isa = PBXBuildFile; fileRef = E32E5A2B25F8B5D8006252AD /* ProfileViewController.swift */; };
		E32E5A2F25F8C3F5006252AD /* SettingModel.swift in Sources */ = {isa = PBXBuildFile; fileRef = E32E5A2E25F8C3F5006252AD /* SettingModel.swift */; };
		E3406EC525F644F9008FAD6C /* SettingsViewController.swift in Sources */ = {isa = PBXBuildFile; fileRef = E3406EC425F644F9008FAD6C /* SettingsViewController.swift */; };
		E361B7D5257581120094790C /* AppDelegate.swift in Sources */ = {isa = PBXBuildFile; fileRef = E361B7D4257581120094790C /* AppDelegate.swift */; };
		E361B7D7257581120094790C /* SceneDelegate.swift in Sources */ = {isa = PBXBuildFile; fileRef = E361B7D6257581120094790C /* SceneDelegate.swift */; };
		E361B7DC257581120094790C /* Main.storyboard in Resources */ = {isa = PBXBuildFile; fileRef = E361B7DA257581120094790C /* Main.storyboard */; };
		E361B7DF257581120094790C /* List_Of_Debtors_Alpha0_1.xcdatamodeld in Sources */ = {isa = PBXBuildFile; fileRef = E361B7DD257581120094790C /* List_Of_Debtors_Alpha0_1.xcdatamodeld */; };
		E361B7E12575811C0094790C /* Assets.xcassets in Resources */ = {isa = PBXBuildFile; fileRef = E361B7E02575811C0094790C /* Assets.xcassets */; };
		E361B7E42575811C0094790C /* LaunchScreen.storyboard in Resources */ = {isa = PBXBuildFile; fileRef = E361B7E22575811C0094790C /* LaunchScreen.storyboard */; };
		E361B7EC257581620094790C /* TableViewController.swift in Sources */ = {isa = PBXBuildFile; fileRef = E361B7EB257581620094790C /* TableViewController.swift */; };
		E361B7F2257585BC0094790C /* Model.swift in Sources */ = {isa = PBXBuildFile; fileRef = E361B7F1257585BC0094790C /* Model.swift */; };
		E365B07725F6666500C0DE79 /* ColorPickerTableView.swift in Sources */ = {isa = PBXBuildFile; fileRef = E365B07625F6666500C0DE79 /* ColorPickerTableView.swift */; };
		E366D48825EA84C4000BC51E /* NewDebtorViewController.swift in Sources */ = {isa = PBXBuildFile; fileRef = E366D48725EA84C4000BC51E /* NewDebtorViewController.swift */; };
		E36B717A25FD9A55003AE572 /* ColorData.swift in Sources */ = {isa = PBXBuildFile; fileRef = E36B717925FD9A54003AE572 /* ColorData.swift */; };
		E371C0EE2604D0AF000E4D19 /* ImageDefaults.swift in Sources */ = {isa = PBXBuildFile; fileRef = E371C0ED2604D0AE000E4D19 /* ImageDefaults.swift */; };
		E373B12225F3C19100D554E9 /* SecondTableViewController.swift in Sources */ = {isa = PBXBuildFile; fileRef = E373B12125F3C19100D554E9 /* SecondTableViewController.swift */; };
		E373B12525F3C1C000D554E9 /* YouNewDebtorViewController.swift in Sources */ = {isa = PBXBuildFile; fileRef = E373B12425F3C1C000D554E9 /* YouNewDebtorViewController.swift */; };
		E373B12825F3C1F200D554E9 /* SecondModel.swift in Sources */ = {isa = PBXBuildFile; fileRef = E373B12725F3C1F200D554E9 /* SecondModel.swift */; };
		E373B12C25F3C24100D554E9 /* SecondTableViewCell.swift in Sources */ = {isa = PBXBuildFile; fileRef = E373B12B25F3C24100D554E9 /* SecondTableViewCell.swift */; };
		E373B13225F5322600D554E9 /* CurrencySettingsViewController.swift in Sources */ = {isa = PBXBuildFile; fileRef = E373B13125F5322500D554E9 /* CurrencySettingsViewController.swift */; };
		E384398A25E6B3200051447F /* TableViewCell.swift in Sources */ = {isa = PBXBuildFile; fileRef = E384398925E6B3200051447F /* TableViewCell.swift */; };
		E3A0F13725E98ACD00C60C08 /* .gitignore in Resources */ = {isa = PBXBuildFile; fileRef = E3A0F13625E98ACD00C60C08 /* .gitignore */; };
/* End PBXBuildFile section */

/* Begin PBXFileReference section */
		BDEB504B5E4A2B698EEED921 /* Pods-List_Of_Debtors_Alpha0.2.debug.xcconfig */ = {isa = PBXFileReference; includeInIndex = 1; lastKnownFileType = text.xcconfig; name = "Pods-List_Of_Debtors_Alpha0.2.debug.xcconfig"; path = "Target Support Files/Pods-List_Of_Debtors_Alpha0.2/Pods-List_Of_Debtors_Alpha0.2.debug.xcconfig"; sourceTree = "<group>"; };
		E32E5A2B25F8B5D8006252AD /* ProfileViewController.swift */ = {isa = PBXFileReference; lastKnownFileType = sourcecode.swift; path = ProfileViewController.swift; sourceTree = "<group>"; };
		E32E5A2E25F8C3F5006252AD /* SettingModel.swift */ = {isa = PBXFileReference; lastKnownFileType = sourcecode.swift; path = SettingModel.swift; sourceTree = "<group>"; };
		E3406EC425F644F9008FAD6C /* SettingsViewController.swift */ = {isa = PBXFileReference; fileEncoding = 4; lastKnownFileType = sourcecode.swift; path = SettingsViewController.swift; sourceTree = "<group>"; };
		E361B7D1257581120094790C /* List_Of_Debtors_Alpha0.2.app */ = {isa = PBXFileReference; explicitFileType = wrapper.application; includeInIndex = 0; path = List_Of_Debtors_Alpha0.2.app; sourceTree = BUILT_PRODUCTS_DIR; };
		E361B7D4257581120094790C /* AppDelegate.swift */ = {isa = PBXFileReference; lastKnownFileType = sourcecode.swift; path = AppDelegate.swift; sourceTree = "<group>"; };
		E361B7D6257581120094790C /* SceneDelegate.swift */ = {isa = PBXFileReference; lastKnownFileType = sourcecode.swift; path = SceneDelegate.swift; sourceTree = "<group>"; };
		E361B7DB257581120094790C /* Base */ = {isa = PBXFileReference; lastKnownFileType = file.storyboard; name = Base; path = Base.lproj/Main.storyboard; sourceTree = "<group>"; };
		E361B7DE257581120094790C /* List_Of_Debtors_Alpha0_1.xcdatamodel */ = {isa = PBXFileReference; lastKnownFileType = wrapper.xcdatamodel; path = List_Of_Debtors_Alpha0_1.xcdatamodel; sourceTree = "<group>"; };
		E361B7E02575811C0094790C /* Assets.xcassets */ = {isa = PBXFileReference; lastKnownFileType = folder.assetcatalog; path = Assets.xcassets; sourceTree = "<group>"; };
		E361B7E32575811C0094790C /* Base */ = {isa = PBXFileReference; lastKnownFileType = file.storyboard; name = Base; path = Base.lproj/LaunchScreen.storyboard; sourceTree = "<group>"; };
		E361B7E52575811C0094790C /* Info.plist */ = {isa = PBXFileReference; lastKnownFileType = text.plist.xml; path = Info.plist; sourceTree = "<group>"; };
		E361B7EB257581620094790C /* TableViewController.swift */ = {isa = PBXFileReference; lastKnownFileType = sourcecode.swift; path = TableViewController.swift; sourceTree = "<group>"; };
		E361B7F1257585BC0094790C /* Model.swift */ = {isa = PBXFileReference; lastKnownFileType = sourcecode.swift; path = Model.swift; sourceTree = "<group>"; };
		E365B07625F6666500C0DE79 /* ColorPickerTableView.swift */ = {isa = PBXFileReference; lastKnownFileType = sourcecode.swift; path = ColorPickerTableView.swift; sourceTree = "<group>"; };
		E366D48725EA84C4000BC51E /* NewDebtorViewController.swift */ = {isa = PBXFileReference; lastKnownFileType = sourcecode.swift; path = NewDebtorViewController.swift; sourceTree = "<group>"; };
		E36B717925FD9A54003AE572 /* ColorData.swift */ = {isa = PBXFileReference; lastKnownFileType = sourcecode.swift; path = ColorData.swift; sourceTree = "<group>"; };
		E371C0ED2604D0AE000E4D19 /* ImageDefaults.swift */ = {isa = PBXFileReference; lastKnownFileType = sourcecode.swift; path = ImageDefaults.swift; sourceTree = "<group>"; };
		E373B12125F3C19100D554E9 /* SecondTableViewController.swift */ = {isa = PBXFileReference; lastKnownFileType = sourcecode.swift; name = SecondTableViewController.swift; path = ListOfDebtors/Controllers/SecondTableViewController.swift; sourceTree = SOURCE_ROOT; };
		E373B12425F3C1C000D554E9 /* YouNewDebtorViewController.swift */ = {isa = PBXFileReference; lastKnownFileType = sourcecode.swift; path = YouNewDebtorViewController.swift; sourceTree = "<group>"; };
		E373B12725F3C1F200D554E9 /* SecondModel.swift */ = {isa = PBXFileReference; lastKnownFileType = sourcecode.swift; path = SecondModel.swift; sourceTree = "<group>"; };
		E373B12B25F3C24100D554E9 /* SecondTableViewCell.swift */ = {isa = PBXFileReference; lastKnownFileType = sourcecode.swift; path = SecondTableViewCell.swift; sourceTree = "<group>"; };
		E373B13125F5322500D554E9 /* CurrencySettingsViewController.swift */ = {isa = PBXFileReference; lastKnownFileType = sourcecode.swift; path = CurrencySettingsViewController.swift; sourceTree = "<group>"; };
		E384398925E6B3200051447F /* TableViewCell.swift */ = {isa = PBXFileReference; lastKnownFileType = sourcecode.swift; path = TableViewCell.swift; sourceTree = "<group>"; };
		E3A0F13625E98ACD00C60C08 /* .gitignore */ = {isa = PBXFileReference; lastKnownFileType = text; path = .gitignore; sourceTree = "<group>"; };
		E3A798E82600BC2200537FF7 /* uk */ = {isa = PBXFileReference; lastKnownFileType = text.plist.strings; name = uk; path = uk.lproj/LaunchScreen.strings; sourceTree = "<group>"; };
		E3A798EB2600BC9A00537FF7 /* ru */ = {isa = PBXFileReference; lastKnownFileType = text.plist.strings; name = ru; path = ru.lproj/LaunchScreen.strings; sourceTree = "<group>"; };
		E3A798ED2600BFAF00537FF7 /* uk */ = {isa = PBXFileReference; lastKnownFileType = file.storyboard; name = uk; path = uk.lproj/Main.storyboard; sourceTree = "<group>"; };
		E3A798EE2600BFAF00537FF7 /* ru */ = {isa = PBXFileReference; lastKnownFileType = file.storyboard; name = ru; path = ru.lproj/Main.storyboard; sourceTree = "<group>"; };
		EFE1BC01DBB8D78741C72856 /* Pods-List_Of_Debtors_Alpha0.2.release.xcconfig */ = {isa = PBXFileReference; includeInIndex = 1; lastKnownFileType = text.xcconfig; name = "Pods-List_Of_Debtors_Alpha0.2.release.xcconfig"; path = "Target Support Files/Pods-List_Of_Debtors_Alpha0.2/Pods-List_Of_Debtors_Alpha0.2.release.xcconfig"; sourceTree = "<group>"; };
		F3913C5356B378DA09EE8BF1 /* Pods_List_Of_Debtors_Alpha0_2.framework */ = {isa = PBXFileReference; explicitFileType = wrapper.framework; includeInIndex = 0; path = Pods_List_Of_Debtors_Alpha0_2.framework; sourceTree = BUILT_PRODUCTS_DIR; };
/* End PBXFileReference section */

/* Begin PBXFrameworksBuildPhase section */
		E361B7CE257581120094790C /* Frameworks */ = {
			isa = PBXFrameworksBuildPhase;
			buildActionMask = 2147483647;
			files = (
				6DA98610D33345F4EECA7D1C /* Pods_List_Of_Debtors_Alpha0_2.framework in Frameworks */,
			);
			runOnlyForDeploymentPostprocessing = 0;
		};
/* End PBXFrameworksBuildPhase section */

/* Begin PBXGroup section */
		44F17DA3B6F0F22CF42CB631 /* Pods */ = {
			isa = PBXGroup;
			children = (
				BDEB504B5E4A2B698EEED921 /* Pods-List_Of_Debtors_Alpha0.2.debug.xcconfig */,
				EFE1BC01DBB8D78741C72856 /* Pods-List_Of_Debtors_Alpha0.2.release.xcconfig */,
			);
			path = Pods;
			sourceTree = "<group>";
		};
		E361B7C8257581110094790C = {
			isa = PBXGroup;
			children = (
				E361B7D3257581120094790C /* ListOfDebtors */,
				E361B7D2257581120094790C /* Products */,
				44F17DA3B6F0F22CF42CB631 /* Pods */,
				F244D8A75E121BDAB28CC239 /* Frameworks */,
			);
			sourceTree = "<group>";
		};
		E361B7D2257581120094790C /* Products */ = {
			isa = PBXGroup;
			children = (
				E361B7D1257581120094790C /* List_Of_Debtors_Alpha0.2.app */,
			);
			name = Products;
			sourceTree = "<group>";
		};
		E361B7D3257581120094790C /* ListOfDebtors */ = {
			isa = PBXGroup;
			children = (
				E3A0F13A25E9B72400C60C08 /* View */,
				E361B7ED257581800094790C /* Model */,
				E373B12F25F4000C00D554E9 /* Settings */,
				E361B7EE257581940094790C /* Controllers */,
				E3A0F13B25E9B7A000C60C08 /* SupportFile */,
				E361B7E02575811C0094790C /* Assets.xcassets */,
				E361B7E52575811C0094790C /* Info.plist */,
				E3A0F13625E98ACD00C60C08 /* .gitignore */,
				E361B7DD257581120094790C /* List_Of_Debtors_Alpha0_1.xcdatamodeld */,
			);
			path = ListOfDebtors;
			sourceTree = "<group>";
		};
		E361B7ED257581800094790C /* Model */ = {
			isa = PBXGroup;
			children = (
				E361B7F1257585BC0094790C /* Model.swift */,
				E373B12725F3C1F200D554E9 /* SecondModel.swift */,
				E32E5A2E25F8C3F5006252AD /* SettingModel.swift */,
				E371C0ED2604D0AE000E4D19 /* ImageDefaults.swift */,
			);
			path = Model;
			sourceTree = "<group>";
		};
		E361B7EE257581940094790C /* Controllers */ = {
			isa = PBXGroup;
			children = (
				E373B12425F3C1C000D554E9 /* YouNewDebtorViewController.swift */,
				E366D48725EA84C4000BC51E /* NewDebtorViewController.swift */,
				E373B12125F3C19100D554E9 /* SecondTableViewController.swift */,
				E361B7EB257581620094790C /* TableViewController.swift */,
			);
			path = Controllers;
			sourceTree = "<group>";
		};
		E373B12F25F4000C00D554E9 /* Settings */ = {
			isa = PBXGroup;
			children = (
				E3406EC425F644F9008FAD6C /* SettingsViewController.swift */,
				E365B07625F6666500C0DE79 /* ColorPickerTableView.swift */,
				E36B717925FD9A54003AE572 /* ColorData.swift */,
				E373B13125F5322500D554E9 /* CurrencySettingsViewController.swift */,
			);
			path = Settings;
			sourceTree = "<group>";
		};
		E3A0F13A25E9B72400C60C08 /* View */ = {
			isa = PBXGroup;
			children = (
				E361B7DA257581120094790C /* Main.storyboard */,
				E361B7E22575811C0094790C /* LaunchScreen.storyboard */,
				E373B12B25F3C24100D554E9 /* SecondTableViewCell.swift */,
				E32E5A2B25F8B5D8006252AD /* ProfileViewController.swift */,
				E384398925E6B3200051447F /* TableViewCell.swift */,
			);
			path = View;
			sourceTree = "<group>";
		};
		E3A0F13B25E9B7A000C60C08 /* SupportFile */ = {
			isa = PBXGroup;
			children = (
				E361B7D4257581120094790C /* AppDelegate.swift */,
				E361B7D6257581120094790C /* SceneDelegate.swift */,
			);
			path = SupportFile;
			sourceTree = "<group>";
		};
		F244D8A75E121BDAB28CC239 /* Frameworks */ = {
			isa = PBXGroup;
			children = (
				F3913C5356B378DA09EE8BF1 /* Pods_List_Of_Debtors_Alpha0_2.framework */,
			);
			name = Frameworks;
			sourceTree = "<group>";
		};
/* End PBXGroup section */

/* Begin PBXNativeTarget section */
		E361B7D0257581120094790C /* List_Of_Debtors_Alpha0.2 */ = {
			isa = PBXNativeTarget;
			buildConfigurationList = E361B7E82575811C0094790C /* Build configuration list for PBXNativeTarget "List_Of_Debtors_Alpha0.2" */;
			buildPhases = (
				F703B3516FEBEBABC0870F48 /* [CP] Check Pods Manifest.lock */,
				E361B7CD257581120094790C /* Sources */,
				E361B7CE257581120094790C /* Frameworks */,
				E361B7CF257581120094790C /* Resources */,
				C202CECF056C38C0988110EB /* [CP] Embed Pods Frameworks */,
			);
			buildRules = (
			);
			dependencies = (
			);
			name = List_Of_Debtors_Alpha0.2;
			productName = List_Of_Debtors_Alpha0.1;
			productReference = E361B7D1257581120094790C /* List_Of_Debtors_Alpha0.2.app */;
			productType = "com.apple.product-type.application";
		};
/* End PBXNativeTarget section */

/* Begin PBXProject section */
		E361B7C9257581120094790C /* Project object */ = {
			isa = PBXProject;
			attributes = {
				LastSwiftUpdateCheck = 1160;
				LastUpgradeCheck = 1230;
				ORGANIZATIONNAME = ThePsih13;
				TargetAttributes = {
					E361B7D0257581120094790C = {
						CreatedOnToolsVersion = 11.6;
					};
				};
			};
			buildConfigurationList = E361B7CC257581120094790C /* Build configuration list for PBXProject "ListOfDebtors" */;
			compatibilityVersion = "Xcode 9.3";
			developmentRegion = en;
			hasScannedForEncodings = 0;
			knownRegions = (
				en,
				Base,
				uk,
				ru,
			);
			mainGroup = E361B7C8257581110094790C;
			productRefGroup = E361B7D2257581120094790C /* Products */;
			projectDirPath = "";
			projectRoot = "";
			targets = (
				E361B7D0257581120094790C /* List_Of_Debtors_Alpha0.2 */,
			);
		};
/* End PBXProject section */

/* Begin PBXResourcesBuildPhase section */
		E361B7CF257581120094790C /* Resources */ = {
			isa = PBXResourcesBuildPhase;
			buildActionMask = 2147483647;
			files = (
				E3A0F13725E98ACD00C60C08 /* .gitignore in Resources */,
				E361B7E42575811C0094790C /* LaunchScreen.storyboard in Resources */,
				E361B7E12575811C0094790C /* Assets.xcassets in Resources */,
				E361B7DC257581120094790C /* Main.storyboard in Resources */,
			);
			runOnlyForDeploymentPostprocessing = 0;
		};
/* End PBXResourcesBuildPhase section */

/* Begin PBXShellScriptBuildPhase section */
		C202CECF056C38C0988110EB /* [CP] Embed Pods Frameworks */ = {
			isa = PBXShellScriptBuildPhase;
			buildActionMask = 2147483647;
			files = (
			);
			inputFileListPaths = (
				"${PODS_ROOT}/Target Support Files/Pods-List_Of_Debtors_Alpha0.2/Pods-List_Of_Debtors_Alpha0.2-frameworks-${CONFIGURATION}-input-files.xcfilelist",
			);
			name = "[CP] Embed Pods Frameworks";
			outputFileListPaths = (
				"${PODS_ROOT}/Target Support Files/Pods-List_Of_Debtors_Alpha0.2/Pods-List_Of_Debtors_Alpha0.2-frameworks-${CONFIGURATION}-output-files.xcfilelist",
			);
			runOnlyForDeploymentPostprocessing = 0;
			shellPath = /bin/sh;
			shellScript = "\"${PODS_ROOT}/Target Support Files/Pods-List_Of_Debtors_Alpha0.2/Pods-List_Of_Debtors_Alpha0.2-frameworks.sh\"\n";
			showEnvVarsInLog = 0;
		};
		F703B3516FEBEBABC0870F48 /* [CP] Check Pods Manifest.lock */ = {
			isa = PBXShellScriptBuildPhase;
			buildActionMask = 2147483647;
			files = (
			);
			inputFileListPaths = (
			);
			inputPaths = (
				"${PODS_PODFILE_DIR_PATH}/Podfile.lock",
				"${PODS_ROOT}/Manifest.lock",
			);
			name = "[CP] Check Pods Manifest.lock";
			outputFileListPaths = (
			);
			outputPaths = (
				"$(DERIVED_FILE_DIR)/Pods-List_Of_Debtors_Alpha0.2-checkManifestLockResult.txt",
			);
			runOnlyForDeploymentPostprocessing = 0;
			shellPath = /bin/sh;
			shellScript = "diff \"${PODS_PODFILE_DIR_PATH}/Podfile.lock\" \"${PODS_ROOT}/Manifest.lock\" > /dev/null\nif [ $? != 0 ] ; then\n    # print error to STDERR\n    echo \"error: The sandbox is not in sync with the Podfile.lock. Run 'pod install' or update your CocoaPods installation.\" >&2\n    exit 1\nfi\n# This output is used by Xcode 'outputs' to avoid re-running this script phase.\necho \"SUCCESS\" > \"${SCRIPT_OUTPUT_FILE_0}\"\n";
			showEnvVarsInLog = 0;
		};
/* End PBXShellScriptBuildPhase section */

/* Begin PBXSourcesBuildPhase section */
		E361B7CD257581120094790C /* Sources */ = {
			isa = PBXSourcesBuildPhase;
			buildActionMask = 2147483647;
			files = (
				E361B7F2257585BC0094790C /* Model.swift in Sources */,
				E366D48825EA84C4000BC51E /* NewDebtorViewController.swift in Sources */,
				E373B12525F3C1C000D554E9 /* YouNewDebtorViewController.swift in Sources */,
				E384398A25E6B3200051447F /* TableViewCell.swift in Sources */,
				E373B12825F3C1F200D554E9 /* SecondModel.swift in Sources */,
				E365B07725F6666500C0DE79 /* ColorPickerTableView.swift in Sources */,
				E361B7DF257581120094790C /* List_Of_Debtors_Alpha0_1.xcdatamodeld in Sources */,
				E361B7D5257581120094790C /* AppDelegate.swift in Sources */,
				E361B7EC257581620094790C /* TableViewController.swift in Sources */,
				E361B7D7257581120094790C /* SceneDelegate.swift in Sources */,
				E3406EC525F644F9008FAD6C /* SettingsViewController.swift in Sources */,
				E373B12225F3C19100D554E9 /* SecondTableViewController.swift in Sources */,
				E32E5A2F25F8C3F5006252AD /* SettingModel.swift in Sources */,
				E32E5A2C25F8B5D8006252AD /* ProfileViewController.swift in Sources */,
				E373B12C25F3C24100D554E9 /* SecondTableViewCell.swift in Sources */,
				E373B13225F5322600D554E9 /* CurrencySettingsViewController.swift in Sources */,
				E36B717A25FD9A55003AE572 /* ColorData.swift in Sources */,
				E371C0EE2604D0AF000E4D19 /* ImageDefaults.swift in Sources */,
			);
			runOnlyForDeploymentPostprocessing = 0;
		};
/* End PBXSourcesBuildPhase section */

/* Begin PBXVariantGroup section */
		E361B7DA257581120094790C /* Main.storyboard */ = {
			isa = PBXVariantGroup;
			children = (
				E361B7DB257581120094790C /* Base */,
				E3A798ED2600BFAF00537FF7 /* uk */,
				E3A798EE2600BFAF00537FF7 /* ru */,
			);
			name = Main.storyboard;
			sourceTree = "<group>";
		};
		E361B7E22575811C0094790C /* LaunchScreen.storyboard */ = {
			isa = PBXVariantGroup;
			children = (
				E361B7E32575811C0094790C /* Base */,
				E3A798E82600BC2200537FF7 /* uk */,
				E3A798EB2600BC9A00537FF7 /* ru */,
			);
			name = LaunchScreen.storyboard;
			sourceTree = "<group>";
		};
/* End PBXVariantGroup section */

/* Begin XCBuildConfiguration section */
		E361B7E62575811C0094790C /* Debug */ = {
			isa = XCBuildConfiguration;
			buildSettings = {
				ALWAYS_SEARCH_USER_PATHS = NO;
				CLANG_ANALYZER_LOCALIZABILITY_NONLOCALIZED = YES;
				CLANG_ANALYZER_NONNULL = YES;
				CLANG_ANALYZER_NUMBER_OBJECT_CONVERSION = YES_AGGRESSIVE;
				CLANG_CXX_LANGUAGE_STANDARD = "gnu++14";
				CLANG_CXX_LIBRARY = "libc++";
				CLANG_ENABLE_MODULES = YES;
				CLANG_ENABLE_OBJC_ARC = YES;
				CLANG_ENABLE_OBJC_WEAK = YES;
				CLANG_WARN_BLOCK_CAPTURE_AUTORELEASING = YES;
				CLANG_WARN_BOOL_CONVERSION = YES;
				CLANG_WARN_COMMA = YES;
				CLANG_WARN_CONSTANT_CONVERSION = YES;
				CLANG_WARN_DEPRECATED_OBJC_IMPLEMENTATIONS = YES;
				CLANG_WARN_DIRECT_OBJC_ISA_USAGE = YES_ERROR;
				CLANG_WARN_DOCUMENTATION_COMMENTS = YES;
				CLANG_WARN_EMPTY_BODY = YES;
				CLANG_WARN_ENUM_CONVERSION = YES;
				CLANG_WARN_INFINITE_RECURSION = YES;
				CLANG_WARN_INT_CONVERSION = YES;
				CLANG_WARN_NON_LITERAL_NULL_CONVERSION = YES;
				CLANG_WARN_OBJC_IMPLICIT_RETAIN_SELF = YES;
				CLANG_WARN_OBJC_LITERAL_CONVERSION = YES;
				CLANG_WARN_OBJC_ROOT_CLASS = YES_ERROR;
				CLANG_WARN_QUOTED_INCLUDE_IN_FRAMEWORK_HEADER = YES;
				CLANG_WARN_RANGE_LOOP_ANALYSIS = YES;
				CLANG_WARN_STRICT_PROTOTYPES = YES;
				CLANG_WARN_SUSPICIOUS_MOVE = YES;
				CLANG_WARN_UNGUARDED_AVAILABILITY = YES_AGGRESSIVE;
				CLANG_WARN_UNREACHABLE_CODE = YES;
				CLANG_WARN__DUPLICATE_METHOD_MATCH = YES;
				COPY_PHASE_STRIP = NO;
				DEBUG_INFORMATION_FORMAT = dwarf;
				ENABLE_STRICT_OBJC_MSGSEND = YES;
				ENABLE_TESTABILITY = YES;
				GCC_C_LANGUAGE_STANDARD = gnu11;
				GCC_DYNAMIC_NO_PIC = NO;
				GCC_NO_COMMON_BLOCKS = YES;
				GCC_OPTIMIZATION_LEVEL = 0;
				GCC_PREPROCESSOR_DEFINITIONS = (
					"DEBUG=1",
					"$(inherited)",
				);
				GCC_WARN_64_TO_32_BIT_CONVERSION = YES;
				GCC_WARN_ABOUT_RETURN_TYPE = YES_ERROR;
				GCC_WARN_UNDECLARED_SELECTOR = YES;
				GCC_WARN_UNINITIALIZED_AUTOS = YES_AGGRESSIVE;
				GCC_WARN_UNUSED_FUNCTION = YES;
				GCC_WARN_UNUSED_VARIABLE = YES;
				IPHONEOS_DEPLOYMENT_TARGET = 13.6;
				MTL_ENABLE_DEBUG_INFO = INCLUDE_SOURCE;
				MTL_FAST_MATH = YES;
				ONLY_ACTIVE_ARCH = YES;
				SDKROOT = iphoneos;
				SWIFT_ACTIVE_COMPILATION_CONDITIONS = DEBUG;
				SWIFT_OPTIMIZATION_LEVEL = "-Onone";
			};
			name = Debug;
		};
		E361B7E72575811C0094790C /* Release */ = {
			isa = XCBuildConfiguration;
			buildSettings = {
				ALWAYS_SEARCH_USER_PATHS = NO;
				CLANG_ANALYZER_LOCALIZABILITY_NONLOCALIZED = YES;
				CLANG_ANALYZER_NONNULL = YES;
				CLANG_ANALYZER_NUMBER_OBJECT_CONVERSION = YES_AGGRESSIVE;
				CLANG_CXX_LANGUAGE_STANDARD = "gnu++14";
				CLANG_CXX_LIBRARY = "libc++";
				CLANG_ENABLE_MODULES = YES;
				CLANG_ENABLE_OBJC_ARC = YES;
				CLANG_ENABLE_OBJC_WEAK = YES;
				CLANG_WARN_BLOCK_CAPTURE_AUTORELEASING = YES;
				CLANG_WARN_BOOL_CONVERSION = YES;
				CLANG_WARN_COMMA = YES;
				CLANG_WARN_CONSTANT_CONVERSION = YES;
				CLANG_WARN_DEPRECATED_OBJC_IMPLEMENTATIONS = YES;
				CLANG_WARN_DIRECT_OBJC_ISA_USAGE = YES_ERROR;
				CLANG_WARN_DOCUMENTATION_COMMENTS = YES;
				CLANG_WARN_EMPTY_BODY = YES;
				CLANG_WARN_ENUM_CONVERSION = YES;
				CLANG_WARN_INFINITE_RECURSION = YES;
				CLANG_WARN_INT_CONVERSION = YES;
				CLANG_WARN_NON_LITERAL_NULL_CONVERSION = YES;
				CLANG_WARN_OBJC_IMPLICIT_RETAIN_SELF = YES;
				CLANG_WARN_OBJC_LITERAL_CONVERSION = YES;
				CLANG_WARN_OBJC_ROOT_CLASS = YES_ERROR;
				CLANG_WARN_QUOTED_INCLUDE_IN_FRAMEWORK_HEADER = YES;
				CLANG_WARN_RANGE_LOOP_ANALYSIS = YES;
				CLANG_WARN_STRICT_PROTOTYPES = YES;
				CLANG_WARN_SUSPICIOUS_MOVE = YES;
				CLANG_WARN_UNGUARDED_AVAILABILITY = YES_AGGRESSIVE;
				CLANG_WARN_UNREACHABLE_CODE = YES;
				CLANG_WARN__DUPLICATE_METHOD_MATCH = YES;
				COPY_PHASE_STRIP = NO;
				DEBUG_INFORMATION_FORMAT = "dwarf-with-dsym";
				ENABLE_NS_ASSERTIONS = NO;
				ENABLE_STRICT_OBJC_MSGSEND = YES;
				GCC_C_LANGUAGE_STANDARD = gnu11;
				GCC_NO_COMMON_BLOCKS = YES;
				GCC_WARN_64_TO_32_BIT_CONVERSION = YES;
				GCC_WARN_ABOUT_RETURN_TYPE = YES_ERROR;
				GCC_WARN_UNDECLARED_SELECTOR = YES;
				GCC_WARN_UNINITIALIZED_AUTOS = YES_AGGRESSIVE;
				GCC_WARN_UNUSED_FUNCTION = YES;
				GCC_WARN_UNUSED_VARIABLE = YES;
				IPHONEOS_DEPLOYMENT_TARGET = 13.6;
				MTL_ENABLE_DEBUG_INFO = NO;
				MTL_FAST_MATH = YES;
				SDKROOT = iphoneos;
				SWIFT_COMPILATION_MODE = wholemodule;
				SWIFT_OPTIMIZATION_LEVEL = "-O";
				VALIDATE_PRODUCT = YES;
			};
			name = Release;
		};
		E361B7E92575811C0094790C /* Debug */ = {
			isa = XCBuildConfiguration;
			baseConfigurationReference = BDEB504B5E4A2B698EEED921 /* Pods-List_Of_Debtors_Alpha0.2.debug.xcconfig */;
			buildSettings = {
				ASSETCATALOG_COMPILER_APPICON_NAME = AppIcon;
				CODE_SIGN_STYLE = Automatic;
				DEVELOPMENT_TEAM = 9XP4F76DYF;
				INFOPLIST_FILE = ListOfDebtors/Info.plist;
				LD_RUNPATH_SEARCH_PATHS = (
					"$(inherited)",
					"@executable_path/Frameworks",
				);
				PRODUCT_BUNDLE_IDENTIFIER = "wMd.List-Of-Debtors-Alpha0-1";
				PRODUCT_NAME = List_Of_Debtors_Alpha0.2;
				SWIFT_VERSION = 5.0;
				TARGETED_DEVICE_FAMILY = "1,2";
			};
			name = Debug;
		};
		E361B7EA2575811C0094790C /* Release */ = {
			isa = XCBuildConfiguration;
			baseConfigurationReference = EFE1BC01DBB8D78741C72856 /* Pods-List_Of_Debtors_Alpha0.2.release.xcconfig */;
			buildSettings = {
				ASSETCATALOG_COMPILER_APPICON_NAME = AppIcon;
				CODE_SIGN_STYLE = Automatic;
				DEVELOPMENT_TEAM = 9XP4F76DYF;
				INFOPLIST_FILE = ListOfDebtors/Info.plist;
				LD_RUNPATH_SEARCH_PATHS = (
					"$(inherited)",
					"@executable_path/Frameworks",
				);
				PRODUCT_BUNDLE_IDENTIFIER = "wMd.List-Of-Debtors-Alpha0-1";
				PRODUCT_NAME = List_Of_Debtors_Alpha0.2;
				SWIFT_VERSION = 5.0;
				TARGETED_DEVICE_FAMILY = "1,2";
			};
			name = Release;
		};
/* End XCBuildConfiguration section */

/* Begin XCConfigurationList section */
		E361B7CC257581120094790C /* Build configuration list for PBXProject "ListOfDebtors" */ = {
			isa = XCConfigurationList;
			buildConfigurations = (
				E361B7E62575811C0094790C /* Debug */,
				E361B7E72575811C0094790C /* Release */,
			);
			defaultConfigurationIsVisible = 0;
			defaultConfigurationName = Release;
		};
		E361B7E82575811C0094790C /* Build configuration list for PBXNativeTarget "List_Of_Debtors_Alpha0.2" */ = {
			isa = XCConfigurationList;
			buildConfigurations = (
				E361B7E92575811C0094790C /* Debug */,
				E361B7EA2575811C0094790C /* Release */,
			);
			defaultConfigurationIsVisible = 0;
			defaultConfigurationName = Release;
		};
/* End XCConfigurationList section */

/* Begin XCVersionGroup section */
		E361B7DD257581120094790C /* List_Of_Debtors_Alpha0_1.xcdatamodeld */ = {
			isa = XCVersionGroup;
			children = (
				E361B7DE257581120094790C /* List_Of_Debtors_Alpha0_1.xcdatamodel */,
			);
			currentVersion = E361B7DE257581120094790C /* List_Of_Debtors_Alpha0_1.xcdatamodel */;
			path = List_Of_Debtors_Alpha0_1.xcdatamodeld;
			sourceTree = "<group>";
			versionGroupType = wrapper.xcdatamodel;
		};
/* End XCVersionGroup section */
	};
	rootObject = E361B7C9257581120094790C /* Project object */;
}
